// !$*UTF8*$!
{
	archiveVersion = 1;
	classes = {
	};
	objectVersion = 50;
	objects = {

/* Begin PBXBuildFile section */
		3F40D694234F9FD700423F6F /* ExitSign_wicab.mlmodel in Sources */ = {isa = PBXBuildFile; fileRef = 3F40D693234F9FD700423F6F /* ExitSign_wicab.mlmodel */; };
		3F40D69A2351089D00423F6F /* ExitSign_augmented.mlmodel in Sources */ = {isa = PBXBuildFile; fileRef = 3F40D6992351089D00423F6F /* ExitSign_augmented.mlmodel */; };
		3FA2335C234D51B100E3BA0D /* AppDelegate.swift in Sources */ = {isa = PBXBuildFile; fileRef = 3FA2335B234D51B100E3BA0D /* AppDelegate.swift */; };
		3FA2335E234D51B100E3BA0D /* SceneDelegate.swift in Sources */ = {isa = PBXBuildFile; fileRef = 3FA2335D234D51B100E3BA0D /* SceneDelegate.swift */; };
		3FA23360234D51B100E3BA0D /* ViewController.swift in Sources */ = {isa = PBXBuildFile; fileRef = 3FA2335F234D51B100E3BA0D /* ViewController.swift */; };
		3FA23363234D51B100E3BA0D /* Main.storyboard in Resources */ = {isa = PBXBuildFile; fileRef = 3FA23361234D51B100E3BA0D /* Main.storyboard */; };
		3FA23365234D51B300E3BA0D /* Assets.xcassets in Resources */ = {isa = PBXBuildFile; fileRef = 3FA23364234D51B300E3BA0D /* Assets.xcassets */; };
		3FA23368234D51B300E3BA0D /* LaunchScreen.storyboard in Resources */ = {isa = PBXBuildFile; fileRef = 3FA23366234D51B300E3BA0D /* LaunchScreen.storyboard */; };
		3FA23372234D51F100E3BA0D /* Detector.swift in Sources */ = {isa = PBXBuildFile; fileRef = 3FA23371234D51F100E3BA0D /* Detector.swift */; };
		3FA23375234D579B00E3BA0D /* CameraController.swift in Sources */ = {isa = PBXBuildFile; fileRef = 3FA23373234D557500E3BA0D /* CameraController.swift */; };
		3FA23377234D58DE00E3BA0D /* Utils.swift in Sources */ = {isa = PBXBuildFile; fileRef = 3FA23376234D58DE00E3BA0D /* Utils.swift */; };
		3FA23379234D5A2C00E3BA0D /* ExitSign.mlmodel in Sources */ = {isa = PBXBuildFile; fileRef = 3FA23378234D5A2C00E3BA0D /* ExitSign.mlmodel */; };
		3FA2337B234D632800E3BA0D /* ExitSign_scratch.mlmodel in Sources */ = {isa = PBXBuildFile; fileRef = 3FA2337A234D632800E3BA0D /* ExitSign_scratch.mlmodel */; };
/* End PBXBuildFile section */

/* Begin PBXFileReference section */
		3F40D693234F9FD700423F6F /* ExitSign_wicab.mlmodel */ = {isa = PBXFileReference; lastKnownFileType = file.mlmodel; path = ExitSign_wicab.mlmodel; sourceTree = "<group>"; };
		3F40D6992351089D00423F6F /* ExitSign_augmented.mlmodel */ = {isa = PBXFileReference; lastKnownFileType = file.mlmodel; path = ExitSign_augmented.mlmodel; sourceTree = "<group>"; };
		3FA23358234D51B100E3BA0D /* Unet_Detector.app */ = {isa = PBXFileReference; explicitFileType = wrapper.application; includeInIndex = 0; path = Unet_Detector.app; sourceTree = BUILT_PRODUCTS_DIR; };
		3FA2335B234D51B100E3BA0D /* AppDelegate.swift */ = {isa = PBXFileReference; lastKnownFileType = sourcecode.swift; path = AppDelegate.swift; sourceTree = "<group>"; };
		3FA2335D234D51B100E3BA0D /* SceneDelegate.swift */ = {isa = PBXFileReference; lastKnownFileType = sourcecode.swift; path = SceneDelegate.swift; sourceTree = "<group>"; };
		3FA2335F234D51B100E3BA0D /* ViewController.swift */ = {isa = PBXFileReference; lastKnownFileType = sourcecode.swift; path = ViewController.swift; sourceTree = "<group>"; };
		3FA23362234D51B100E3BA0D /* Base */ = {isa = PBXFileReference; lastKnownFileType = file.storyboard; name = Base; path = Base.lproj/Main.storyboard; sourceTree = "<group>"; };
		3FA23364234D51B300E3BA0D /* Assets.xcassets */ = {isa = PBXFileReference; lastKnownFileType = folder.assetcatalog; path = Assets.xcassets; sourceTree = "<group>"; };
		3FA23367234D51B300E3BA0D /* Base */ = {isa = PBXFileReference; lastKnownFileType = file.storyboard; name = Base; path = Base.lproj/LaunchScreen.storyboard; sourceTree = "<group>"; };
		3FA23369234D51B300E3BA0D /* Info.plist */ = {isa = PBXFileReference; lastKnownFileType = text.plist.xml; path = Info.plist; sourceTree = "<group>"; };
		3FA23371234D51F100E3BA0D /* Detector.swift */ = {isa = PBXFileReference; lastKnownFileType = sourcecode.swift; path = Detector.swift; sourceTree = "<group>"; };
		3FA23373234D557500E3BA0D /* CameraController.swift */ = {isa = PBXFileReference; lastKnownFileType = sourcecode.swift; path = CameraController.swift; sourceTree = "<group>"; };
		3FA23376234D58DE00E3BA0D /* Utils.swift */ = {isa = PBXFileReference; lastKnownFileType = sourcecode.swift; path = Utils.swift; sourceTree = "<group>"; };
		3FA23378234D5A2C00E3BA0D /* ExitSign.mlmodel */ = {isa = PBXFileReference; lastKnownFileType = file.mlmodel; path = ExitSign.mlmodel; sourceTree = "<group>"; };
		3FA2337A234D632800E3BA0D /* ExitSign_scratch.mlmodel */ = {isa = PBXFileReference; lastKnownFileType = file.mlmodel; path = ExitSign_scratch.mlmodel; sourceTree = "<group>"; };
/* End PBXFileReference section */

/* Begin PBXFrameworksBuildPhase section */
		3FA23355234D51B100E3BA0D /* Frameworks */ = {
			isa = PBXFrameworksBuildPhase;
			buildActionMask = 2147483647;
			files = (
			);
			runOnlyForDeploymentPostprocessing = 0;
		};
/* End PBXFrameworksBuildPhase section */

/* Begin PBXGroup section */
		3FA2334F234D51B100E3BA0D = {
			isa = PBXGroup;
			children = (
				3FA2335A234D51B100E3BA0D /* Unet_Detector */,
				3FA23359234D51B100E3BA0D /* Products */,
			);
			sourceTree = "<group>";
		};
		3FA23359234D51B100E3BA0D /* Products */ = {
			isa = PBXGroup;
			children = (
				3FA23358234D51B100E3BA0D /* Unet_Detector.app */,
			);
			name = Products;
			sourceTree = "<group>";
		};
		3FA2335A234D51B100E3BA0D /* Unet_Detector */ = {
			isa = PBXGroup;
			children = (
				3FA2336F234D51C300E3BA0D /* Resources */,
				3FA2335B234D51B100E3BA0D /* AppDelegate.swift */,
				3FA23373234D557500E3BA0D /* CameraController.swift */,
				3FA2335D234D51B100E3BA0D /* SceneDelegate.swift */,
				3FA2335F234D51B100E3BA0D /* ViewController.swift */,
				3FA23361234D51B100E3BA0D /* Main.storyboard */,
				3FA23364234D51B300E3BA0D /* Assets.xcassets */,
				3FA23366234D51B300E3BA0D /* LaunchScreen.storyboard */,
				3FA23369234D51B300E3BA0D /* Info.plist */,
				3FA23371234D51F100E3BA0D /* Detector.swift */,
				3FA23376234D58DE00E3BA0D /* Utils.swift */,
			);
			path = Unet_Detector;
			sourceTree = "<group>";
		};
		3FA2336F234D51C300E3BA0D /* Resources */ = {
			isa = PBXGroup;
			children = (
				3FA23370234D51D300E3BA0D /* CoreML */,
			);
			path = Resources;
			sourceTree = "<group>";
		};
		3FA23370234D51D300E3BA0D /* CoreML */ = {
			isa = PBXGroup;
			children = (
				3F40D6992351089D00423F6F /* ExitSign_augmented.mlmodel */,
				3F40D693234F9FD700423F6F /* ExitSign_wicab.mlmodel */,
				3FA2337A234D632800E3BA0D /* ExitSign_scratch.mlmodel */,
				3FA23378234D5A2C00E3BA0D /* ExitSign.mlmodel */,
			);
			path = CoreML;
			sourceTree = "<group>";
		};
/* End PBXGroup section */

/* Begin PBXNativeTarget section */
		3FA23357234D51B100E3BA0D /* Unet_Detector */ = {
			isa = PBXNativeTarget;
			buildConfigurationList = 3FA2336C234D51B300E3BA0D /* Build configuration list for PBXNativeTarget "Unet_Detector" */;
			buildPhases = (
				3FA23354234D51B100E3BA0D /* Sources */,
				3FA23355234D51B100E3BA0D /* Frameworks */,
				3FA23356234D51B100E3BA0D /* Resources */,
			);
			buildRules = (
			);
			dependencies = (
			);
			name = Unet_Detector;
			productName = Unet_Detector;
			productReference = 3FA23358234D51B100E3BA0D /* Unet_Detector.app */;
			productType = "com.apple.product-type.application";
		};
/* End PBXNativeTarget section */

/* Begin PBXProject section */
		3FA23350234D51B100E3BA0D /* Project object */ = {
			isa = PBXProject;
			attributes = {
				LastSwiftUpdateCheck = 1100;
				LastUpgradeCheck = 1100;
				ORGANIZATIONNAME = "Smith-Kettlewell Eye Research Institute";
				TargetAttributes = {
					3FA23357234D51B100E3BA0D = {
						CreatedOnToolsVersion = 11.0;
					};
				};
			};
			buildConfigurationList = 3FA23353234D51B100E3BA0D /* Build configuration list for PBXProject "Unet_Detector" */;
			compatibilityVersion = "Xcode 9.3";
			developmentRegion = en;
			hasScannedForEncodings = 0;
			knownRegions = (
				en,
				Base,
			);
			mainGroup = 3FA2334F234D51B100E3BA0D;
			productRefGroup = 3FA23359234D51B100E3BA0D /* Products */;
			projectDirPath = "";
			projectRoot = "";
			targets = (
				3FA23357234D51B100E3BA0D /* Unet_Detector */,
			);
		};
/* End PBXProject section */

/* Begin PBXResourcesBuildPhase section */
		3FA23356234D51B100E3BA0D /* Resources */ = {
			isa = PBXResourcesBuildPhase;
			buildActionMask = 2147483647;
			files = (
				3FA23368234D51B300E3BA0D /* LaunchScreen.storyboard in Resources */,
				3FA23365234D51B300E3BA0D /* Assets.xcassets in Resources */,
				3FA23363234D51B100E3BA0D /* Main.storyboard in Resources */,
			);
			runOnlyForDeploymentPostprocessing = 0;
		};
/* End PBXResourcesBuildPhase section */

/* Begin PBXSourcesBuildPhase section */
		3FA23354234D51B100E3BA0D /* Sources */ = {
			isa = PBXSourcesBuildPhase;
			buildActionMask = 2147483647;
			files = (
				3FA23375234D579B00E3BA0D /* CameraController.swift in Sources */,
				3FA23360234D51B100E3BA0D /* ViewController.swift in Sources */,
				3F40D69A2351089D00423F6F /* ExitSign_augmented.mlmodel in Sources */,
				3FA2337B234D632800E3BA0D /* ExitSign_scratch.mlmodel in Sources */,
				3FA2335C234D51B100E3BA0D /* AppDelegate.swift in Sources */,
				3F40D694234F9FD700423F6F /* ExitSign_wicab.mlmodel in Sources */,
				3FA23379234D5A2C00E3BA0D /* ExitSign.mlmodel in Sources */,
				3FA2335E234D51B100E3BA0D /* SceneDelegate.swift in Sources */,
				3FA23372234D51F100E3BA0D /* Detector.swift in Sources */,
				3FA23377234D58DE00E3BA0D /* Utils.swift in Sources */,
			);
			runOnlyForDeploymentPostprocessing = 0;
		};
/* End PBXSourcesBuildPhase section */

/* Begin PBXVariantGroup section */
		3FA23361234D51B100E3BA0D /* Main.storyboard */ = {
			isa = PBXVariantGroup;
			children = (
				3FA23362234D51B100E3BA0D /* Base */,
			);
			name = Main.storyboard;
			sourceTree = "<group>";
		};
		3FA23366234D51B300E3BA0D /* LaunchScreen.storyboard */ = {
			isa = PBXVariantGroup;
			children = (
				3FA23367234D51B300E3BA0D /* Base */,
			);
			name = LaunchScreen.storyboard;
			sourceTree = "<group>";
		};
/* End PBXVariantGroup section */

/* Begin XCBuildConfiguration section */
		3FA2336A234D51B300E3BA0D /* Debug */ = {
			isa = XCBuildConfiguration;
			buildSettings = {
				ALWAYS_SEARCH_USER_PATHS = NO;
				CLANG_ANALYZER_NONNULL = YES;
				CLANG_ANALYZER_NUMBER_OBJECT_CONVERSION = YES_AGGRESSIVE;
				CLANG_CXX_LANGUAGE_STANDARD = "gnu++14";
				CLANG_CXX_LIBRARY = "libc++";
				CLANG_ENABLE_MODULES = YES;
				CLANG_ENABLE_OBJC_ARC = YES;
				CLANG_ENABLE_OBJC_WEAK = YES;
				CLANG_WARN_BLOCK_CAPTURE_AUTORELEASING = YES;
				CLANG_WARN_BOOL_CONVERSION = YES;
				CLANG_WARN_COMMA = YES;
				CLANG_WARN_CONSTANT_CONVERSION = YES;
				CLANG_WARN_DEPRECATED_OBJC_IMPLEMENTATIONS = YES;
				CLANG_WARN_DIRECT_OBJC_ISA_USAGE = YES_ERROR;
				CLANG_WARN_DOCUMENTATION_COMMENTS = YES;
				CLANG_WARN_EMPTY_BODY = YES;
				CLANG_WARN_ENUM_CONVERSION = YES;
				CLANG_WARN_INFINITE_RECURSION = YES;
				CLANG_WARN_INT_CONVERSION = YES;
				CLANG_WARN_NON_LITERAL_NULL_CONVERSION = YES;
				CLANG_WARN_OBJC_IMPLICIT_RETAIN_SELF = YES;
				CLANG_WARN_OBJC_LITERAL_CONVERSION = YES;
				CLANG_WARN_OBJC_ROOT_CLASS = YES_ERROR;
				CLANG_WARN_RANGE_LOOP_ANALYSIS = YES;
				CLANG_WARN_STRICT_PROTOTYPES = YES;
				CLANG_WARN_SUSPICIOUS_MOVE = YES;
				CLANG_WARN_UNGUARDED_AVAILABILITY = YES_AGGRESSIVE;
				CLANG_WARN_UNREACHABLE_CODE = YES;
				CLANG_WARN__DUPLICATE_METHOD_MATCH = YES;
				COPY_PHASE_STRIP = NO;
				DEBUG_INFORMATION_FORMAT = dwarf;
				ENABLE_STRICT_OBJC_MSGSEND = YES;
				ENABLE_TESTABILITY = YES;
				GCC_C_LANGUAGE_STANDARD = gnu11;
				GCC_DYNAMIC_NO_PIC = NO;
				GCC_NO_COMMON_BLOCKS = YES;
				GCC_OPTIMIZATION_LEVEL = 0;
				GCC_PREPROCESSOR_DEFINITIONS = (
					"DEBUG=1",
					"$(inherited)",
				);
				GCC_WARN_64_TO_32_BIT_CONVERSION = YES;
				GCC_WARN_ABOUT_RETURN_TYPE = YES_ERROR;
				GCC_WARN_UNDECLARED_SELECTOR = YES;
				GCC_WARN_UNINITIALIZED_AUTOS = YES_AGGRESSIVE;
				GCC_WARN_UNUSED_FUNCTION = YES;
				GCC_WARN_UNUSED_VARIABLE = YES;
				IPHONEOS_DEPLOYMENT_TARGET = 13.0;
				MTL_ENABLE_DEBUG_INFO = INCLUDE_SOURCE;
				MTL_FAST_MATH = YES;
				ONLY_ACTIVE_ARCH = YES;
				SDKROOT = iphoneos;
				SWIFT_ACTIVE_COMPILATION_CONDITIONS = DEBUG;
				SWIFT_OPTIMIZATION_LEVEL = "-Onone";
			};
			name = Debug;
		};
		3FA2336B234D51B300E3BA0D /* Release */ = {
			isa = XCBuildConfiguration;
			buildSettings = {
				ALWAYS_SEARCH_USER_PATHS = NO;
				CLANG_ANALYZER_NONNULL = YES;
				CLANG_ANALYZER_NUMBER_OBJECT_CONVERSION = YES_AGGRESSIVE;
				CLANG_CXX_LANGUAGE_STANDARD = "gnu++14";
				CLANG_CXX_LIBRARY = "libc++";
				CLANG_ENABLE_MODULES = YES;
				CLANG_ENABLE_OBJC_ARC = YES;
				CLANG_ENABLE_OBJC_WEAK = YES;
				CLANG_WARN_BLOCK_CAPTURE_AUTORELEASING = YES;
				CLANG_WARN_BOOL_CONVERSION = YES;
				CLANG_WARN_COMMA = YES;
				CLANG_WARN_CONSTANT_CONVERSION = YES;
				CLANG_WARN_DEPRECATED_OBJC_IMPLEMENTATIONS = YES;
				CLANG_WARN_DIRECT_OBJC_ISA_USAGE = YES_ERROR;
				CLANG_WARN_DOCUMENTATION_COMMENTS = YES;
				CLANG_WARN_EMPTY_BODY = YES;
				CLANG_WARN_ENUM_CONVERSION = YES;
				CLANG_WARN_INFINITE_RECURSION = YES;
				CLANG_WARN_INT_CONVERSION = YES;
				CLANG_WARN_NON_LITERAL_NULL_CONVERSION = YES;
				CLANG_WARN_OBJC_IMPLICIT_RETAIN_SELF = YES;
				CLANG_WARN_OBJC_LITERAL_CONVERSION = YES;
				CLANG_WARN_OBJC_ROOT_CLASS = YES_ERROR;
				CLANG_WARN_RANGE_LOOP_ANALYSIS = YES;
				CLANG_WARN_STRICT_PROTOTYPES = YES;
				CLANG_WARN_SUSPICIOUS_MOVE = YES;
				CLANG_WARN_UNGUARDED_AVAILABILITY = YES_AGGRESSIVE;
				CLANG_WARN_UNREACHABLE_CODE = YES;
				CLANG_WARN__DUPLICATE_METHOD_MATCH = YES;
				COPY_PHASE_STRIP = NO;
				DEBUG_INFORMATION_FORMAT = "dwarf-with-dsym";
				ENABLE_NS_ASSERTIONS = NO;
				ENABLE_STRICT_OBJC_MSGSEND = YES;
				GCC_C_LANGUAGE_STANDARD = gnu11;
				GCC_NO_COMMON_BLOCKS = YES;
				GCC_WARN_64_TO_32_BIT_CONVERSION = YES;
				GCC_WARN_ABOUT_RETURN_TYPE = YES_ERROR;
				GCC_WARN_UNDECLARED_SELECTOR = YES;
				GCC_WARN_UNINITIALIZED_AUTOS = YES_AGGRESSIVE;
				GCC_WARN_UNUSED_FUNCTION = YES;
				GCC_WARN_UNUSED_VARIABLE = YES;
				IPHONEOS_DEPLOYMENT_TARGET = 13.0;
				MTL_ENABLE_DEBUG_INFO = NO;
				MTL_FAST_MATH = YES;
				SDKROOT = iphoneos;
				SWIFT_COMPILATION_MODE = wholemodule;
				SWIFT_OPTIMIZATION_LEVEL = "-O";
				VALIDATE_PRODUCT = YES;
			};
			name = Release;
		};
		3FA2336D234D51B300E3BA0D /* Debug */ = {
			isa = XCBuildConfiguration;
			buildSettings = {
				ASSETCATALOG_COMPILER_APPICON_NAME = AppIcon;
				CODE_SIGN_STYLE = Automatic;
				DEVELOPMENT_TEAM = E9BKVZ8679;
				INFOPLIST_FILE = Unet_Detector/Info.plist;
				IPHONEOS_DEPLOYMENT_TARGET = 13.1;
				LD_RUNPATH_SEARCH_PATHS = (
					"$(inherited)",
					"@executable_path/Frameworks",
				);
				PRODUCT_BUNDLE_IDENTIFIER = "ski.org.Unet-Detector";
				PRODUCT_NAME = "$(TARGET_NAME)";
				SWIFT_VERSION = 5.0;
				TARGETED_DEVICE_FAMILY = "1,2";
			};
			name = Debug;
		};
		3FA2336E234D51B300E3BA0D /* Release */ = {
			isa = XCBuildConfiguration;
			buildSettings = {
				ASSETCATALOG_COMPILER_APPICON_NAME = AppIcon;
				CODE_SIGN_STYLE = Automatic;
				DEVELOPMENT_TEAM = E9BKVZ8679;
				INFOPLIST_FILE = Unet_Detector/Info.plist;
				IPHONEOS_DEPLOYMENT_TARGET = 13.1;
				LD_RUNPATH_SEARCH_PATHS = (
					"$(inherited)",
					"@executable_path/Frameworks",
				);
				PRODUCT_BUNDLE_IDENTIFIER = "ski.org.Unet-Detector";
				PRODUCT_NAME = "$(TARGET_NAME)";
				SWIFT_VERSION = 5.0;
				TARGETED_DEVICE_FAMILY = "1,2";
			};
			name = Release;
		};
/* End XCBuildConfiguration section */

/* Begin XCConfigurationList section */
		3FA23353234D51B100E3BA0D /* Build configuration list for PBXProject "Unet_Detector" */ = {
			isa = XCConfigurationList;
			buildConfigurations = (
				3FA2336A234D51B300E3BA0D /* Debug */,
				3FA2336B234D51B300E3BA0D /* Release */,
			);
			defaultConfigurationIsVisible = 0;
			defaultConfigurationName = Release;
		};
		3FA2336C234D51B300E3BA0D /* Build configuration list for PBXNativeTarget "Unet_Detector" */ = {
			isa = XCConfigurationList;
			buildConfigurations = (
				3FA2336D234D51B300E3BA0D /* Debug */,
				3FA2336E234D51B300E3BA0D /* Release */,
			);
			defaultConfigurationIsVisible = 0;
			defaultConfigurationName = Release;
		};
/* End XCConfigurationList section */
	};
	rootObject = 3FA23350234D51B100E3BA0D /* Project object */;
}
